// !$*UTF8*$!
{
	archiveVersion = 1;
	classes = {
	};
	objectVersion = 56;
	objects = {

/* Begin PBXBuildFile section */
		151126892A4A60F6002E0E27 /* ViewState.swift in Sources */ = {isa = PBXBuildFile; fileRef = 151126882A4A60F6002E0E27 /* ViewState.swift */; };
		1511268B2A4A66E1002E0E27 /* BaseXCTestCase.swift in Sources */ = {isa = PBXBuildFile; fileRef = 1511268A2A4A66E1002E0E27 /* BaseXCTestCase.swift */; };
		1511268E2A4A677B002E0E27 /* HomeViewTests.swift in Sources */ = {isa = PBXBuildFile; fileRef = 1511268D2A4A677B002E0E27 /* HomeViewTests.swift */; };
		15AC661A2A49FA0F002CB7AC /* EpisodeDetails.swift in Sources */ = {isa = PBXBuildFile; fileRef = 15AC66192A49FA0F002CB7AC /* EpisodeDetails.swift */; };
		15AC661C2A4A08AD002CB7AC /* SearchSeriesResponse.swift in Sources */ = {isa = PBXBuildFile; fileRef = 15AC661B2A4A08AD002CB7AC /* SearchSeriesResponse.swift */; };
		15AC661E2A4A18B5002CB7AC /* OnFirstAppear.swift in Sources */ = {isa = PBXBuildFile; fileRef = 15AC661D2A4A18B5002CB7AC /* OnFirstAppear.swift */; };
		15C8762D2A47852900747BBA /* TVMazeApp.swift in Sources */ = {isa = PBXBuildFile; fileRef = 15C8762C2A47852900747BBA /* TVMazeApp.swift */; };
		15C8762F2A47852900747BBA /* HomeView.swift in Sources */ = {isa = PBXBuildFile; fileRef = 15C8762E2A47852900747BBA /* HomeView.swift */; };
		15C876312A47852A00747BBA /* Assets.xcassets in Resources */ = {isa = PBXBuildFile; fileRef = 15C876302A47852A00747BBA /* Assets.xcassets */; };
		15C876352A47852A00747BBA /* Preview Assets.xcassets in Resources */ = {isa = PBXBuildFile; fileRef = 15C876342A47852A00747BBA /* Preview Assets.xcassets */; };
		15C8763D2A47869500747BBA /* ComposableArchitecture in Frameworks */ = {isa = PBXBuildFile; productRef = 15C8763C2A47869500747BBA /* ComposableArchitecture */; };
		15C876562A47896A00747BBA /* Kingfisher in Frameworks */ = {isa = PBXBuildFile; productRef = 15C876552A47896A00747BBA /* Kingfisher */; };
		15C876592A478A7800747BBA /* CacheImageView.swift in Sources */ = {isa = PBXBuildFile; fileRef = 15C876582A478A7800747BBA /* CacheImageView.swift */; };
		15C8765B2A478ABE00747BBA /* View+Extensions.swift in Sources */ = {isa = PBXBuildFile; fileRef = 15C8765A2A478ABE00747BBA /* View+Extensions.swift */; };
		15C8765D2A478B6C00747BBA /* Image.swift in Sources */ = {isa = PBXBuildFile; fileRef = 15C8765C2A478B6C00747BBA /* Image.swift */; };
		15C8765F2A47933C00747BBA /* DebugBorderStyle.swift in Sources */ = {isa = PBXBuildFile; fileRef = 15C8765E2A47933C00747BBA /* DebugBorderStyle.swift */; };
		15C876612A4793AD00747BBA /* Color.swift in Sources */ = {isa = PBXBuildFile; fileRef = 15C876602A4793AD00747BBA /* Color.swift */; };
		15C876632A4793DB00747BBA /* Color+Extension.swift in Sources */ = {isa = PBXBuildFile; fileRef = 15C876622A4793DB00747BBA /* Color+Extension.swift */; };
		15C876762A4795C500747BBA /* SnapshotTesting in Frameworks */ = {isa = PBXBuildFile; productRef = 15C876752A4795C500747BBA /* SnapshotTesting */; };
		15C876782A47964900747BBA /* Font.swift in Sources */ = {isa = PBXBuildFile; fileRef = 15C876772A47964900747BBA /* Font.swift */; };
		15C8767A2A47966500747BBA /* FontSize.swift in Sources */ = {isa = PBXBuildFile; fileRef = 15C876792A47966500747BBA /* FontSize.swift */; };
		15C8767C2A47971D00747BBA /* Layout.swift in Sources */ = {isa = PBXBuildFile; fileRef = 15C8767B2A47971D00747BBA /* Layout.swift */; };
		15C8767F2A4797B500747BBA /* SearchView.swift in Sources */ = {isa = PBXBuildFile; fileRef = 15C8767E2A4797B500747BBA /* SearchView.swift */; };
		15C876812A47E86C00747BBA /* SeriesCard.swift in Sources */ = {isa = PBXBuildFile; fileRef = 15C876802A47E86C00747BBA /* SeriesCard.swift */; };
		15C876832A47F53D00747BBA /* Home.swift in Sources */ = {isa = PBXBuildFile; fileRef = 15C876822A47F53D00747BBA /* Home.swift */; };
		15C876852A48AF0200747BBA /* APIDataFetcher.swift in Sources */ = {isa = PBXBuildFile; fileRef = 15C876842A48AF0200747BBA /* APIDataFetcher.swift */; };
		15C876872A48AF2F00747BBA /* Fetcher.swift in Sources */ = {isa = PBXBuildFile; fileRef = 15C876862A48AF2F00747BBA /* Fetcher.swift */; };
		15C876892A48AF5500747BBA /* BaseCodable.swift in Sources */ = {isa = PBXBuildFile; fileRef = 15C876882A48AF5500747BBA /* BaseCodable.swift */; };
		15C8768B2A48AF8B00747BBA /* FetcherError.swift in Sources */ = {isa = PBXBuildFile; fileRef = 15C8768A2A48AF8B00747BBA /* FetcherError.swift */; };
		15C8768D2A48B38D00747BBA /* HomeClient.swift in Sources */ = {isa = PBXBuildFile; fileRef = 15C8768C2A48B38D00747BBA /* HomeClient.swift */; };
		15C8768F2A48B48E00747BBA /* HomeAPI.swift in Sources */ = {isa = PBXBuildFile; fileRef = 15C8768E2A48B48E00747BBA /* HomeAPI.swift */; };
		15C876912A48B55100747BBA /* HomeService.swift in Sources */ = {isa = PBXBuildFile; fileRef = 15C876902A48B55100747BBA /* HomeService.swift */; };
		15C876942A48B5CA00747BBA /* SeriesResponse.swift in Sources */ = {isa = PBXBuildFile; fileRef = 15C876932A48B5CA00747BBA /* SeriesResponse.swift */; };
		15C876982A48F84A00747BBA /* SerieDetailsView.swift in Sources */ = {isa = PBXBuildFile; fileRef = 15C876972A48F84A00747BBA /* SerieDetailsView.swift */; };
		15C8769B2A48FC2A00747BBA /* Tabs.swift in Sources */ = {isa = PBXBuildFile; fileRef = 15C8769A2A48FC2A00747BBA /* Tabs.swift */; };
		15C8769D2A48FC3500747BBA /* TabControl.swift in Sources */ = {isa = PBXBuildFile; fileRef = 15C8769C2A48FC3500747BBA /* TabControl.swift */; };
		15C8769F2A48FC6700747BBA /* Tab.swift in Sources */ = {isa = PBXBuildFile; fileRef = 15C8769E2A48FC6700747BBA /* Tab.swift */; };
		15C876A12A48FD3700747BBA /* WidthScaling.swift in Sources */ = {isa = PBXBuildFile; fileRef = 15C876A02A48FD3700747BBA /* WidthScaling.swift */; };
		15C876A32A48FD5500747BBA /* FloatingPoint.swift in Sources */ = {isa = PBXBuildFile; fileRef = 15C876A22A48FD5500747BBA /* FloatingPoint.swift */; };
		15C876A52A48FD9700747BBA /* View+Geometry.swift in Sources */ = {isa = PBXBuildFile; fileRef = 15C876A42A48FD9700747BBA /* View+Geometry.swift */; };
		15C876A82A48FDF200747BBA /* PageView.swift in Sources */ = {isa = PBXBuildFile; fileRef = 15C876A72A48FDF200747BBA /* PageView.swift */; };
		15C876AA2A48FE1A00747BBA /* PageViewControllerRepresentable.swift in Sources */ = {isa = PBXBuildFile; fileRef = 15C876A92A48FE1A00747BBA /* PageViewControllerRepresentable.swift */; };
		15C876AC2A48FE4900747BBA /* DesignPageOrientation.swift in Sources */ = {isa = PBXBuildFile; fileRef = 15C876AB2A48FE4900747BBA /* DesignPageOrientation.swift */; };
		15C876AE2A48FE6700747BBA /* DesignPageDirection.swift in Sources */ = {isa = PBXBuildFile; fileRef = 15C876AD2A48FE6700747BBA /* DesignPageDirection.swift */; };
		15C876B02A48FE8C00747BBA /* DesignPageController.swift in Sources */ = {isa = PBXBuildFile; fileRef = 15C876AF2A48FE8C00747BBA /* DesignPageController.swift */; };
		15C876B22A48FED200747BBA /* DesignPageGeometry.swift in Sources */ = {isa = PBXBuildFile; fileRef = 15C876B12A48FED200747BBA /* DesignPageGeometry.swift */; };
		15C876B42A48FEF700747BBA /* Clamped.swift in Sources */ = {isa = PBXBuildFile; fileRef = 15C876B32A48FEF700747BBA /* Clamped.swift */; };
		15C876B62A48FF2300747BBA /* DesignPageControllerDataSource.swift in Sources */ = {isa = PBXBuildFile; fileRef = 15C876B52A48FF2300747BBA /* DesignPageControllerDataSource.swift */; };
		15C876B82A48FF4900747BBA /* DesignPageControllerDelegate.swift in Sources */ = {isa = PBXBuildFile; fileRef = 15C876B72A48FF4900747BBA /* DesignPageControllerDelegate.swift */; };
		15C876BA2A48FF8C00747BBA /* PageViewModifiers.swift in Sources */ = {isa = PBXBuildFile; fileRef = 15C876B92A48FF8C00747BBA /* PageViewModifiers.swift */; };
		15C876BC2A48FFFB00747BBA /* SerieDetails.swift in Sources */ = {isa = PBXBuildFile; fileRef = 15C876BB2A48FFFB00747BBA /* SerieDetails.swift */; };
		15C876BE2A4902DA00747BBA /* SeasonsDetailsAPI.swift in Sources */ = {isa = PBXBuildFile; fileRef = 15C876BD2A4902DA00747BBA /* SeasonsDetailsAPI.swift */; };
		15C876C02A49033B00747BBA /* SerieDetailsService.swift in Sources */ = {isa = PBXBuildFile; fileRef = 15C876BF2A49033B00747BBA /* SerieDetailsService.swift */; };
		15C876C32A49041A00747BBA /* SeasonsDetailsResponse.swift in Sources */ = {isa = PBXBuildFile; fileRef = 15C876C22A49041A00747BBA /* SeasonsDetailsResponse.swift */; };
		15C876C52A49077D00747BBA /* EpisodesDetailsResponse.swift in Sources */ = {isa = PBXBuildFile; fileRef = 15C876C42A49077D00747BBA /* EpisodesDetailsResponse.swift */; };
		15C876C72A4908A700747BBA /* SerieDetailsClient.swift in Sources */ = {isa = PBXBuildFile; fileRef = 15C876C62A4908A700747BBA /* SerieDetailsClient.swift */; };
		15C876C92A4934B400747BBA /* Date+Extensions.swift in Sources */ = {isa = PBXBuildFile; fileRef = 15C876C82A4934B400747BBA /* Date+Extensions.swift */; };
		15C876CD2A49C2EE00747BBA /* EpisodeView.swift in Sources */ = {isa = PBXBuildFile; fileRef = 15C876CC2A49C2EE00747BBA /* EpisodeView.swift */; };
		15C876CF2A49F2CA00747BBA /* EpisodeDetailsView.swift in Sources */ = {isa = PBXBuildFile; fileRef = 15C876CE2A49F2CA00747BBA /* EpisodeDetailsView.swift */; };
/* End PBXBuildFile section */

/* Begin PBXContainerItemProxy section */
		15C8766F2A47958300747BBA /* PBXContainerItemProxy */ = {
			isa = PBXContainerItemProxy;
			containerPortal = 15C876212A47852900747BBA /* Project object */;
			proxyType = 1;
			remoteGlobalIDString = 15C876282A47852900747BBA;
			remoteInfo = TVMaze;
		};
/* End PBXContainerItemProxy section */

/* Begin PBXFileReference section */
		151126882A4A60F6002E0E27 /* ViewState.swift */ = {isa = PBXFileReference; lastKnownFileType = sourcecode.swift; path = ViewState.swift; sourceTree = "<group>"; };
		1511268A2A4A66E1002E0E27 /* BaseXCTestCase.swift */ = {isa = PBXFileReference; lastKnownFileType = sourcecode.swift; path = BaseXCTestCase.swift; sourceTree = "<group>"; };
		1511268D2A4A677B002E0E27 /* HomeViewTests.swift */ = {isa = PBXFileReference; lastKnownFileType = sourcecode.swift; path = HomeViewTests.swift; sourceTree = "<group>"; };
		15AC66192A49FA0F002CB7AC /* EpisodeDetails.swift */ = {isa = PBXFileReference; lastKnownFileType = sourcecode.swift; path = EpisodeDetails.swift; sourceTree = "<group>"; };
		15AC661B2A4A08AD002CB7AC /* SearchSeriesResponse.swift */ = {isa = PBXFileReference; lastKnownFileType = sourcecode.swift; path = SearchSeriesResponse.swift; sourceTree = "<group>"; };
		15AC661D2A4A18B5002CB7AC /* OnFirstAppear.swift */ = {isa = PBXFileReference; lastKnownFileType = sourcecode.swift; path = OnFirstAppear.swift; sourceTree = "<group>"; };
		15C876292A47852900747BBA /* TVMaze.app */ = {isa = PBXFileReference; explicitFileType = wrapper.application; includeInIndex = 0; path = TVMaze.app; sourceTree = BUILT_PRODUCTS_DIR; };
		15C8762C2A47852900747BBA /* TVMazeApp.swift */ = {isa = PBXFileReference; lastKnownFileType = sourcecode.swift; path = TVMazeApp.swift; sourceTree = "<group>"; };
		15C8762E2A47852900747BBA /* HomeView.swift */ = {isa = PBXFileReference; lastKnownFileType = sourcecode.swift; path = HomeView.swift; sourceTree = "<group>"; };
		15C876302A47852A00747BBA /* Assets.xcassets */ = {isa = PBXFileReference; lastKnownFileType = folder.assetcatalog; path = Assets.xcassets; sourceTree = "<group>"; };
		15C876322A47852A00747BBA /* TVMaze.entitlements */ = {isa = PBXFileReference; lastKnownFileType = text.plist.entitlements; path = TVMaze.entitlements; sourceTree = "<group>"; };
		15C876342A47852A00747BBA /* Preview Assets.xcassets */ = {isa = PBXFileReference; lastKnownFileType = folder.assetcatalog; path = "Preview Assets.xcassets"; sourceTree = "<group>"; };
		15C876582A478A7800747BBA /* CacheImageView.swift */ = {isa = PBXFileReference; lastKnownFileType = sourcecode.swift; path = CacheImageView.swift; sourceTree = "<group>"; };
		15C8765A2A478ABE00747BBA /* View+Extensions.swift */ = {isa = PBXFileReference; lastKnownFileType = sourcecode.swift; path = "View+Extensions.swift"; sourceTree = "<group>"; };
		15C8765C2A478B6C00747BBA /* Image.swift */ = {isa = PBXFileReference; lastKnownFileType = sourcecode.swift; path = Image.swift; sourceTree = "<group>"; };
		15C8765E2A47933C00747BBA /* DebugBorderStyle.swift */ = {isa = PBXFileReference; lastKnownFileType = sourcecode.swift; path = DebugBorderStyle.swift; sourceTree = "<group>"; };
		15C876602A4793AD00747BBA /* Color.swift */ = {isa = PBXFileReference; lastKnownFileType = sourcecode.swift; path = Color.swift; sourceTree = "<group>"; };
		15C876622A4793DB00747BBA /* Color+Extension.swift */ = {isa = PBXFileReference; lastKnownFileType = sourcecode.swift; path = "Color+Extension.swift"; sourceTree = "<group>"; };
		15C8766B2A47958300747BBA /* TVMazeTests.xctest */ = {isa = PBXFileReference; explicitFileType = wrapper.cfbundle; includeInIndex = 0; path = TVMazeTests.xctest; sourceTree = BUILT_PRODUCTS_DIR; };
		15C876772A47964900747BBA /* Font.swift */ = {isa = PBXFileReference; lastKnownFileType = sourcecode.swift; path = Font.swift; sourceTree = "<group>"; };
		15C876792A47966500747BBA /* FontSize.swift */ = {isa = PBXFileReference; lastKnownFileType = sourcecode.swift; path = FontSize.swift; sourceTree = "<group>"; };
		15C8767B2A47971D00747BBA /* Layout.swift */ = {isa = PBXFileReference; lastKnownFileType = sourcecode.swift; path = Layout.swift; sourceTree = "<group>"; };
		15C8767E2A4797B500747BBA /* SearchView.swift */ = {isa = PBXFileReference; lastKnownFileType = sourcecode.swift; path = SearchView.swift; sourceTree = "<group>"; };
		15C876802A47E86C00747BBA /* SeriesCard.swift */ = {isa = PBXFileReference; lastKnownFileType = sourcecode.swift; path = SeriesCard.swift; sourceTree = "<group>"; };
		15C876822A47F53D00747BBA /* Home.swift */ = {isa = PBXFileReference; lastKnownFileType = sourcecode.swift; path = Home.swift; sourceTree = "<group>"; };
		15C876842A48AF0200747BBA /* APIDataFetcher.swift */ = {isa = PBXFileReference; lastKnownFileType = sourcecode.swift; path = APIDataFetcher.swift; sourceTree = "<group>"; };
		15C876862A48AF2F00747BBA /* Fetcher.swift */ = {isa = PBXFileReference; lastKnownFileType = sourcecode.swift; path = Fetcher.swift; sourceTree = "<group>"; };
		15C876882A48AF5500747BBA /* BaseCodable.swift */ = {isa = PBXFileReference; lastKnownFileType = sourcecode.swift; path = BaseCodable.swift; sourceTree = "<group>"; };
		15C8768A2A48AF8B00747BBA /* FetcherError.swift */ = {isa = PBXFileReference; lastKnownFileType = sourcecode.swift; path = FetcherError.swift; sourceTree = "<group>"; };
		15C8768C2A48B38D00747BBA /* HomeClient.swift */ = {isa = PBXFileReference; lastKnownFileType = sourcecode.swift; path = HomeClient.swift; sourceTree = "<group>"; };
		15C8768E2A48B48E00747BBA /* HomeAPI.swift */ = {isa = PBXFileReference; lastKnownFileType = sourcecode.swift; path = HomeAPI.swift; sourceTree = "<group>"; };
		15C876902A48B55100747BBA /* HomeService.swift */ = {isa = PBXFileReference; lastKnownFileType = sourcecode.swift; path = HomeService.swift; sourceTree = "<group>"; };
		15C876932A48B5CA00747BBA /* SeriesResponse.swift */ = {isa = PBXFileReference; lastKnownFileType = sourcecode.swift; path = SeriesResponse.swift; sourceTree = "<group>"; };
		15C876972A48F84A00747BBA /* SerieDetailsView.swift */ = {isa = PBXFileReference; lastKnownFileType = sourcecode.swift; path = SerieDetailsView.swift; sourceTree = "<group>"; };
		15C8769A2A48FC2A00747BBA /* Tabs.swift */ = {isa = PBXFileReference; lastKnownFileType = sourcecode.swift; path = Tabs.swift; sourceTree = "<group>"; };
		15C8769C2A48FC3500747BBA /* TabControl.swift */ = {isa = PBXFileReference; lastKnownFileType = sourcecode.swift; path = TabControl.swift; sourceTree = "<group>"; };
		15C8769E2A48FC6700747BBA /* Tab.swift */ = {isa = PBXFileReference; lastKnownFileType = sourcecode.swift; path = Tab.swift; sourceTree = "<group>"; };
		15C876A02A48FD3700747BBA /* WidthScaling.swift */ = {isa = PBXFileReference; lastKnownFileType = sourcecode.swift; path = WidthScaling.swift; sourceTree = "<group>"; };
		15C876A22A48FD5500747BBA /* FloatingPoint.swift */ = {isa = PBXFileReference; lastKnownFileType = sourcecode.swift; path = FloatingPoint.swift; sourceTree = "<group>"; };
		15C876A42A48FD9700747BBA /* View+Geometry.swift */ = {isa = PBXFileReference; lastKnownFileType = sourcecode.swift; path = "View+Geometry.swift"; sourceTree = "<group>"; };
		15C876A72A48FDF200747BBA /* PageView.swift */ = {isa = PBXFileReference; lastKnownFileType = sourcecode.swift; path = PageView.swift; sourceTree = "<group>"; };
		15C876A92A48FE1A00747BBA /* PageViewControllerRepresentable.swift */ = {isa = PBXFileReference; lastKnownFileType = sourcecode.swift; path = PageViewControllerRepresentable.swift; sourceTree = "<group>"; };
		15C876AB2A48FE4900747BBA /* DesignPageOrientation.swift */ = {isa = PBXFileReference; lastKnownFileType = sourcecode.swift; path = DesignPageOrientation.swift; sourceTree = "<group>"; };
		15C876AD2A48FE6700747BBA /* DesignPageDirection.swift */ = {isa = PBXFileReference; lastKnownFileType = sourcecode.swift; path = DesignPageDirection.swift; sourceTree = "<group>"; };
		15C876AF2A48FE8C00747BBA /* DesignPageController.swift */ = {isa = PBXFileReference; lastKnownFileType = sourcecode.swift; path = DesignPageController.swift; sourceTree = "<group>"; };
		15C876B12A48FED200747BBA /* DesignPageGeometry.swift */ = {isa = PBXFileReference; lastKnownFileType = sourcecode.swift; path = DesignPageGeometry.swift; sourceTree = "<group>"; };
		15C876B32A48FEF700747BBA /* Clamped.swift */ = {isa = PBXFileReference; lastKnownFileType = sourcecode.swift; path = Clamped.swift; sourceTree = "<group>"; };
		15C876B52A48FF2300747BBA /* DesignPageControllerDataSource.swift */ = {isa = PBXFileReference; lastKnownFileType = sourcecode.swift; path = DesignPageControllerDataSource.swift; sourceTree = "<group>"; };
		15C876B72A48FF4900747BBA /* DesignPageControllerDelegate.swift */ = {isa = PBXFileReference; lastKnownFileType = sourcecode.swift; path = DesignPageControllerDelegate.swift; sourceTree = "<group>"; };
		15C876B92A48FF8C00747BBA /* PageViewModifiers.swift */ = {isa = PBXFileReference; lastKnownFileType = sourcecode.swift; path = PageViewModifiers.swift; sourceTree = "<group>"; };
		15C876BB2A48FFFB00747BBA /* SerieDetails.swift */ = {isa = PBXFileReference; lastKnownFileType = sourcecode.swift; path = SerieDetails.swift; sourceTree = "<group>"; };
		15C876BD2A4902DA00747BBA /* SeasonsDetailsAPI.swift */ = {isa = PBXFileReference; lastKnownFileType = sourcecode.swift; path = SeasonsDetailsAPI.swift; sourceTree = "<group>"; };
		15C876BF2A49033B00747BBA /* SerieDetailsService.swift */ = {isa = PBXFileReference; lastKnownFileType = sourcecode.swift; path = SerieDetailsService.swift; sourceTree = "<group>"; };
		15C876C22A49041A00747BBA /* SeasonsDetailsResponse.swift */ = {isa = PBXFileReference; lastKnownFileType = sourcecode.swift; path = SeasonsDetailsResponse.swift; sourceTree = "<group>"; };
		15C876C42A49077D00747BBA /* EpisodesDetailsResponse.swift */ = {isa = PBXFileReference; lastKnownFileType = sourcecode.swift; path = EpisodesDetailsResponse.swift; sourceTree = "<group>"; };
		15C876C62A4908A700747BBA /* SerieDetailsClient.swift */ = {isa = PBXFileReference; lastKnownFileType = sourcecode.swift; path = SerieDetailsClient.swift; sourceTree = "<group>"; };
		15C876C82A4934B400747BBA /* Date+Extensions.swift */ = {isa = PBXFileReference; lastKnownFileType = sourcecode.swift; path = "Date+Extensions.swift"; sourceTree = "<group>"; };
		15C876CC2A49C2EE00747BBA /* EpisodeView.swift */ = {isa = PBXFileReference; lastKnownFileType = sourcecode.swift; path = EpisodeView.swift; sourceTree = "<group>"; };
		15C876CE2A49F2CA00747BBA /* EpisodeDetailsView.swift */ = {isa = PBXFileReference; lastKnownFileType = sourcecode.swift; path = EpisodeDetailsView.swift; sourceTree = "<group>"; };
/* End PBXFileReference section */

/* Begin PBXFrameworksBuildPhase section */
		15C876262A47852900747BBA /* Frameworks */ = {
			isa = PBXFrameworksBuildPhase;
			buildActionMask = 2147483647;
			files = (
				15C876562A47896A00747BBA /* Kingfisher in Frameworks */,
				15C8763D2A47869500747BBA /* ComposableArchitecture in Frameworks */,
			);
			runOnlyForDeploymentPostprocessing = 0;
		};
		15C876682A47958300747BBA /* Frameworks */ = {
			isa = PBXFrameworksBuildPhase;
			buildActionMask = 2147483647;
			files = (
				15C876762A4795C500747BBA /* SnapshotTesting in Frameworks */,
			);
			runOnlyForDeploymentPostprocessing = 0;
		};
/* End PBXFrameworksBuildPhase section */

/* Begin PBXGroup section */
		1511268C2A4A676E002E0E27 /* Home */ = {
			isa = PBXGroup;
			children = (
				1511268D2A4A677B002E0E27 /* HomeViewTests.swift */,
			);
			path = Home;
			sourceTree = "<group>";
		};
		15AC66182A49FA00002CB7AC /* Reducer */ = {
			isa = PBXGroup;
			children = (
				15AC66192A49FA0F002CB7AC /* EpisodeDetails.swift */,
			);
			path = Reducer;
			sourceTree = "<group>";
		};
		15C876202A47852900747BBA = {
			isa = PBXGroup;
			children = (
				15C8762B2A47852900747BBA /* TVMaze */,
				15C8766C2A47958300747BBA /* TVMazeTests */,
				15C8762A2A47852900747BBA /* Products */,
			);
			sourceTree = "<group>";
		};
		15C8762A2A47852900747BBA /* Products */ = {
			isa = PBXGroup;
			children = (
				15C876292A47852900747BBA /* TVMaze.app */,
				15C8766B2A47958300747BBA /* TVMazeTests.xctest */,
			);
			name = Products;
			sourceTree = "<group>";
		};
		15C8762B2A47852900747BBA /* TVMaze */ = {
			isa = PBXGroup;
			children = (
				15C8767D2A4797A500747BBA /* Components */,
				15C876572A478A6A00747BBA /* Core */,
				15C876402A4786EF00747BBA /* EpisodeDetails */,
				15C8763E2A4786DD00747BBA /* Home */,
				15C876332A47852A00747BBA /* Preview Content */,
				15C8763F2A4786E900747BBA /* SerieDetails */,
				15C876322A47852A00747BBA /* TVMaze.entitlements */,
				15C8762C2A47852900747BBA /* TVMazeApp.swift */,
			);
			path = TVMaze;
			sourceTree = "<group>";
		};
		15C876332A47852A00747BBA /* Preview Content */ = {
			isa = PBXGroup;
			children = (
				15C876342A47852A00747BBA /* Preview Assets.xcassets */,
			);
			path = "Preview Content";
			sourceTree = "<group>";
		};
		15C8763E2A4786DD00747BBA /* Home */ = {
			isa = PBXGroup;
			children = (
				15C876922A48B5C400747BBA /* Models */,
				15C876422A4787E100747BBA /* API */,
				15C876452A4787FA00747BBA /* Reducer */,
				15C876432A4787E600747BBA /* Views */,
			);
			path = Home;
			sourceTree = "<group>";
		};
		15C8763F2A4786E900747BBA /* SerieDetails */ = {
			isa = PBXGroup;
			children = (
				15C876C12A49040F00747BBA /* Models */,
				15C8764D2A47884800747BBA /* API */,
				15C8764A2A47883400747BBA /* Reducer */,
				15C8764C2A47884200747BBA /* Views */,
			);
			path = SerieDetails;
			sourceTree = "<group>";
		};
		15C876402A4786EF00747BBA /* EpisodeDetails */ = {
			isa = PBXGroup;
			children = (
				15AC66182A49FA00002CB7AC /* Reducer */,
				15C876512A47887E00747BBA /* Views */,
			);
			path = EpisodeDetails;
			sourceTree = "<group>";
		};
		15C876412A47877600747BBA /* Network */ = {
			isa = PBXGroup;
			children = (
				15C876842A48AF0200747BBA /* APIDataFetcher.swift */,
				15C876862A48AF2F00747BBA /* Fetcher.swift */,
				15C876882A48AF5500747BBA /* BaseCodable.swift */,
				15C8768A2A48AF8B00747BBA /* FetcherError.swift */,
			);
			path = Network;
			sourceTree = "<group>";
		};
		15C876422A4787E100747BBA /* API */ = {
			isa = PBXGroup;
			children = (
				15C8768C2A48B38D00747BBA /* HomeClient.swift */,
				15C8768E2A48B48E00747BBA /* HomeAPI.swift */,
				15C876902A48B55100747BBA /* HomeService.swift */,
			);
			path = API;
			sourceTree = "<group>";
		};
		15C876432A4787E600747BBA /* Views */ = {
			isa = PBXGroup;
			children = (
				15C8762E2A47852900747BBA /* HomeView.swift */,
			);
			path = Views;
			sourceTree = "<group>";
		};
		15C876452A4787FA00747BBA /* Reducer */ = {
			isa = PBXGroup;
			children = (
				15C876822A47F53D00747BBA /* Home.swift */,
			);
			path = Reducer;
			sourceTree = "<group>";
		};
		15C8764A2A47883400747BBA /* Reducer */ = {
			isa = PBXGroup;
			children = (
				15C876BB2A48FFFB00747BBA /* SerieDetails.swift */,
			);
			path = Reducer;
			sourceTree = "<group>";
		};
		15C8764C2A47884200747BBA /* Views */ = {
			isa = PBXGroup;
			children = (
				15C876972A48F84A00747BBA /* SerieDetailsView.swift */,
				15C876CC2A49C2EE00747BBA /* EpisodeView.swift */,
			);
			path = Views;
			sourceTree = "<group>";
		};
		15C8764D2A47884800747BBA /* API */ = {
			isa = PBXGroup;
			children = (
				15C876BD2A4902DA00747BBA /* SeasonsDetailsAPI.swift */,
				15C876BF2A49033B00747BBA /* SerieDetailsService.swift */,
				15C876C62A4908A700747BBA /* SerieDetailsClient.swift */,
			);
			path = API;
			sourceTree = "<group>";
		};
		15C876512A47887E00747BBA /* Views */ = {
			isa = PBXGroup;
			children = (
				15C876CE2A49F2CA00747BBA /* EpisodeDetailsView.swift */,
			);
			path = Views;
			sourceTree = "<group>";
		};
		15C876572A478A6A00747BBA /* Core */ = {
			isa = PBXGroup;
			children = (
				15C876302A47852A00747BBA /* Assets.xcassets */,
				15C876412A47877600747BBA /* Network */,
				15C876582A478A7800747BBA /* CacheImageView.swift */,
				15C8765A2A478ABE00747BBA /* View+Extensions.swift */,
				15C8765C2A478B6C00747BBA /* Image.swift */,
				15C8765E2A47933C00747BBA /* DebugBorderStyle.swift */,
				15C876602A4793AD00747BBA /* Color.swift */,
				15C876622A4793DB00747BBA /* Color+Extension.swift */,
				15C876772A47964900747BBA /* Font.swift */,
				15C876792A47966500747BBA /* FontSize.swift */,
				15C8767B2A47971D00747BBA /* Layout.swift */,
				15C876A42A48FD9700747BBA /* View+Geometry.swift */,
				15C876B32A48FEF700747BBA /* Clamped.swift */,
				15C876B92A48FF8C00747BBA /* PageViewModifiers.swift */,
				15C876C82A4934B400747BBA /* Date+Extensions.swift */,
				15AC661D2A4A18B5002CB7AC /* OnFirstAppear.swift */,
				151126882A4A60F6002E0E27 /* ViewState.swift */,
			);
			path = Core;
			sourceTree = "<group>";
		};
		15C8766C2A47958300747BBA /* TVMazeTests */ = {
			isa = PBXGroup;
			children = (
				1511268C2A4A676E002E0E27 /* Home */,
				1511268A2A4A66E1002E0E27 /* BaseXCTestCase.swift */,
			);
			path = TVMazeTests;
			sourceTree = "<group>";
		};
		15C8767D2A4797A500747BBA /* Components */ = {
			isa = PBXGroup;
			children = (
				15C876A62A48FDD300747BBA /* PageView */,
				15C876992A48FC0E00747BBA /* Tabs */,
				15C8767E2A4797B500747BBA /* SearchView.swift */,
				15C876802A47E86C00747BBA /* SeriesCard.swift */,
			);
			path = Components;
			sourceTree = "<group>";
		};
		15C876922A48B5C400747BBA /* Models */ = {
			isa = PBXGroup;
			children = (
				15C876932A48B5CA00747BBA /* SeriesResponse.swift */,
				15AC661B2A4A08AD002CB7AC /* SearchSeriesResponse.swift */,
			);
			path = Models;
			sourceTree = "<group>";
		};
		15C876992A48FC0E00747BBA /* Tabs */ = {
			isa = PBXGroup;
			children = (
				15C8769A2A48FC2A00747BBA /* Tabs.swift */,
				15C8769C2A48FC3500747BBA /* TabControl.swift */,
				15C8769E2A48FC6700747BBA /* Tab.swift */,
				15C876A02A48FD3700747BBA /* WidthScaling.swift */,
				15C876A22A48FD5500747BBA /* FloatingPoint.swift */,
			);
			path = Tabs;
			sourceTree = "<group>";
		};
		15C876A62A48FDD300747BBA /* PageView */ = {
			isa = PBXGroup;
			children = (
				15C876A72A48FDF200747BBA /* PageView.swift */,
				15C876A92A48FE1A00747BBA /* PageViewControllerRepresentable.swift */,
				15C876AB2A48FE4900747BBA /* DesignPageOrientation.swift */,
				15C876AD2A48FE6700747BBA /* DesignPageDirection.swift */,
				15C876AF2A48FE8C00747BBA /* DesignPageController.swift */,
				15C876B12A48FED200747BBA /* DesignPageGeometry.swift */,
				15C876B52A48FF2300747BBA /* DesignPageControllerDataSource.swift */,
				15C876B72A48FF4900747BBA /* DesignPageControllerDelegate.swift */,
			);
			path = PageView;
			sourceTree = "<group>";
		};
		15C876C12A49040F00747BBA /* Models */ = {
			isa = PBXGroup;
			children = (
				15C876C22A49041A00747BBA /* SeasonsDetailsResponse.swift */,
				15C876C42A49077D00747BBA /* EpisodesDetailsResponse.swift */,
			);
			path = Models;
			sourceTree = "<group>";
		};
/* End PBXGroup section */

/* Begin PBXNativeTarget section */
		15C876282A47852900747BBA /* TVMaze */ = {
			isa = PBXNativeTarget;
			buildConfigurationList = 15C876382A47852A00747BBA /* Build configuration list for PBXNativeTarget "TVMaze" */;
			buildPhases = (
				15C876252A47852900747BBA /* Sources */,
				15C876262A47852900747BBA /* Frameworks */,
				15C876272A47852900747BBA /* Resources */,
			);
			buildRules = (
			);
			dependencies = (
			);
			name = TVMaze;
			packageProductDependencies = (
				15C8763C2A47869500747BBA /* ComposableArchitecture */,
				15C876552A47896A00747BBA /* Kingfisher */,
			);
			productName = TVMaze;
			productReference = 15C876292A47852900747BBA /* TVMaze.app */;
			productType = "com.apple.product-type.application";
		};
		15C8766A2A47958300747BBA /* TVMazeTests */ = {
			isa = PBXNativeTarget;
			buildConfigurationList = 15C876712A47958300747BBA /* Build configuration list for PBXNativeTarget "TVMazeTests" */;
			buildPhases = (
				15C876672A47958300747BBA /* Sources */,
				15C876682A47958300747BBA /* Frameworks */,
				15C876692A47958300747BBA /* Resources */,
			);
			buildRules = (
			);
			dependencies = (
				15C876702A47958300747BBA /* PBXTargetDependency */,
			);
			name = TVMazeTests;
			packageProductDependencies = (
				15C876752A4795C500747BBA /* SnapshotTesting */,
			);
			productName = TVMazeTests;
			productReference = 15C8766B2A47958300747BBA /* TVMazeTests.xctest */;
			productType = "com.apple.product-type.bundle.unit-test";
		};
/* End PBXNativeTarget section */

/* Begin PBXProject section */
		15C876212A47852900747BBA /* Project object */ = {
			isa = PBXProject;
			attributes = {
				BuildIndependentTargetsInParallel = 1;
				LastSwiftUpdateCheck = 1430;
				LastUpgradeCheck = 1430;
				TargetAttributes = {
					15C876282A47852900747BBA = {
						CreatedOnToolsVersion = 14.3.1;
					};
					15C8766A2A47958300747BBA = {
						CreatedOnToolsVersion = 14.3.1;
						TestTargetID = 15C876282A47852900747BBA;
					};
				};
			};
			buildConfigurationList = 15C876242A47852900747BBA /* Build configuration list for PBXProject "TVMaze" */;
			compatibilityVersion = "Xcode 14.0";
			developmentRegion = en;
			hasScannedForEncodings = 0;
			knownRegions = (
				en,
				Base,
			);
			mainGroup = 15C876202A47852900747BBA;
			packageReferences = (
				15C8763B2A47869500747BBA /* XCRemoteSwiftPackageReference "swift-composable-architecture" */,
				15C876542A47896A00747BBA /* XCRemoteSwiftPackageReference "Kingfisher" */,
				15C876742A4795C500747BBA /* XCRemoteSwiftPackageReference "swift-snapshot-testing" */,
			);
			productRefGroup = 15C8762A2A47852900747BBA /* Products */;
			projectDirPath = "";
			projectRoot = "";
			targets = (
				15C876282A47852900747BBA /* TVMaze */,
				15C8766A2A47958300747BBA /* TVMazeTests */,
			);
		};
/* End PBXProject section */

/* Begin PBXResourcesBuildPhase section */
		15C876272A47852900747BBA /* Resources */ = {
			isa = PBXResourcesBuildPhase;
			buildActionMask = 2147483647;
			files = (
				15C876352A47852A00747BBA /* Preview Assets.xcassets in Resources */,
				15C876312A47852A00747BBA /* Assets.xcassets in Resources */,
			);
			runOnlyForDeploymentPostprocessing = 0;
		};
		15C876692A47958300747BBA /* Resources */ = {
			isa = PBXResourcesBuildPhase;
			buildActionMask = 2147483647;
			files = (
			);
			runOnlyForDeploymentPostprocessing = 0;
		};
/* End PBXResourcesBuildPhase section */

/* Begin PBXSourcesBuildPhase section */
		15C876252A47852900747BBA /* Sources */ = {
			isa = PBXSourcesBuildPhase;
			buildActionMask = 2147483647;
			files = (
				15C876912A48B55100747BBA /* HomeService.swift in Sources */,
				15C876592A478A7800747BBA /* CacheImageView.swift in Sources */,
				15C876CD2A49C2EE00747BBA /* EpisodeView.swift in Sources */,
				15C876B42A48FEF700747BBA /* Clamped.swift in Sources */,
				15AC661A2A49FA0F002CB7AC /* EpisodeDetails.swift in Sources */,
				15C876B22A48FED200747BBA /* DesignPageGeometry.swift in Sources */,
				15C876832A47F53D00747BBA /* Home.swift in Sources */,
				15C876B82A48FF4900747BBA /* DesignPageControllerDelegate.swift in Sources */,
				15C876BE2A4902DA00747BBA /* SeasonsDetailsAPI.swift in Sources */,
				15C8767A2A47966500747BBA /* FontSize.swift in Sources */,
				151126892A4A60F6002E0E27 /* ViewState.swift in Sources */,
				15C876B02A48FE8C00747BBA /* DesignPageController.swift in Sources */,
				15C876A32A48FD5500747BBA /* FloatingPoint.swift in Sources */,
				15C876BA2A48FF8C00747BBA /* PageViewModifiers.swift in Sources */,
				15C8762F2A47852900747BBA /* HomeView.swift in Sources */,
				15C876CF2A49F2CA00747BBA /* EpisodeDetailsView.swift in Sources */,
				15AC661E2A4A18B5002CB7AC /* OnFirstAppear.swift in Sources */,
				15C8768D2A48B38D00747BBA /* HomeClient.swift in Sources */,
				15C876612A4793AD00747BBA /* Color.swift in Sources */,
				15C876A52A48FD9700747BBA /* View+Geometry.swift in Sources */,
				15C876B62A48FF2300747BBA /* DesignPageControllerDataSource.swift in Sources */,
				15C8769F2A48FC6700747BBA /* Tab.swift in Sources */,
				15C8767F2A4797B500747BBA /* SearchView.swift in Sources */,
				15AC661C2A4A08AD002CB7AC /* SearchSeriesResponse.swift in Sources */,
				15C876C32A49041A00747BBA /* SeasonsDetailsResponse.swift in Sources */,
				15C8768F2A48B48E00747BBA /* HomeAPI.swift in Sources */,
				15C876C02A49033B00747BBA /* SerieDetailsService.swift in Sources */,
				15C876C52A49077D00747BBA /* EpisodesDetailsResponse.swift in Sources */,
				15C876942A48B5CA00747BBA /* SeriesResponse.swift in Sources */,
				15C876812A47E86C00747BBA /* SeriesCard.swift in Sources */,
				15C876982A48F84A00747BBA /* SerieDetailsView.swift in Sources */,
				15C8765B2A478ABE00747BBA /* View+Extensions.swift in Sources */,
				15C8762D2A47852900747BBA /* TVMazeApp.swift in Sources */,
				15C876892A48AF5500747BBA /* BaseCodable.swift in Sources */,
				15C876872A48AF2F00747BBA /* Fetcher.swift in Sources */,
				15C8769D2A48FC3500747BBA /* TabControl.swift in Sources */,
				15C876AE2A48FE6700747BBA /* DesignPageDirection.swift in Sources */,
				15C876782A47964900747BBA /* Font.swift in Sources */,
				15C876AA2A48FE1A00747BBA /* PageViewControllerRepresentable.swift in Sources */,
				15C876C92A4934B400747BBA /* Date+Extensions.swift in Sources */,
				15C8768B2A48AF8B00747BBA /* FetcherError.swift in Sources */,
				15C8767C2A47971D00747BBA /* Layout.swift in Sources */,
				15C876852A48AF0200747BBA /* APIDataFetcher.swift in Sources */,
				15C876AC2A48FE4900747BBA /* DesignPageOrientation.swift in Sources */,
				15C876C72A4908A700747BBA /* SerieDetailsClient.swift in Sources */,
				15C8765D2A478B6C00747BBA /* Image.swift in Sources */,
				15C876A82A48FDF200747BBA /* PageView.swift in Sources */,
				15C876BC2A48FFFB00747BBA /* SerieDetails.swift in Sources */,
				15C8765F2A47933C00747BBA /* DebugBorderStyle.swift in Sources */,
				15C876632A4793DB00747BBA /* Color+Extension.swift in Sources */,
				15C876A12A48FD3700747BBA /* WidthScaling.swift in Sources */,
				15C8769B2A48FC2A00747BBA /* Tabs.swift in Sources */,
			);
			runOnlyForDeploymentPostprocessing = 0;
		};
		15C876672A47958300747BBA /* Sources */ = {
			isa = PBXSourcesBuildPhase;
			buildActionMask = 2147483647;
			files = (
				1511268B2A4A66E1002E0E27 /* BaseXCTestCase.swift in Sources */,
				1511268E2A4A677B002E0E27 /* HomeViewTests.swift in Sources */,
			);
			runOnlyForDeploymentPostprocessing = 0;
		};
/* End PBXSourcesBuildPhase section */

/* Begin PBXTargetDependency section */
		15C876702A47958300747BBA /* PBXTargetDependency */ = {
			isa = PBXTargetDependency;
			target = 15C876282A47852900747BBA /* TVMaze */;
			targetProxy = 15C8766F2A47958300747BBA /* PBXContainerItemProxy */;
		};
/* End PBXTargetDependency section */

/* Begin XCBuildConfiguration section */
		15C876362A47852A00747BBA /* Debug */ = {
			isa = XCBuildConfiguration;
			buildSettings = {
				ALWAYS_SEARCH_USER_PATHS = NO;
				CLANG_ANALYZER_NONNULL = YES;
				CLANG_ANALYZER_NUMBER_OBJECT_CONVERSION = YES_AGGRESSIVE;
				CLANG_CXX_LANGUAGE_STANDARD = "gnu++20";
				CLANG_ENABLE_MODULES = YES;
				CLANG_ENABLE_OBJC_ARC = YES;
				CLANG_ENABLE_OBJC_WEAK = YES;
				CLANG_WARN_BLOCK_CAPTURE_AUTORELEASING = YES;
				CLANG_WARN_BOOL_CONVERSION = YES;
				CLANG_WARN_COMMA = YES;
				CLANG_WARN_CONSTANT_CONVERSION = YES;
				CLANG_WARN_DEPRECATED_OBJC_IMPLEMENTATIONS = YES;
				CLANG_WARN_DIRECT_OBJC_ISA_USAGE = YES_ERROR;
				CLANG_WARN_DOCUMENTATION_COMMENTS = YES;
				CLANG_WARN_EMPTY_BODY = YES;
				CLANG_WARN_ENUM_CONVERSION = YES;
				CLANG_WARN_INFINITE_RECURSION = YES;
				CLANG_WARN_INT_CONVERSION = YES;
				CLANG_WARN_NON_LITERAL_NULL_CONVERSION = YES;
				CLANG_WARN_OBJC_IMPLICIT_RETAIN_SELF = YES;
				CLANG_WARN_OBJC_LITERAL_CONVERSION = YES;
				CLANG_WARN_OBJC_ROOT_CLASS = YES_ERROR;
				CLANG_WARN_QUOTED_INCLUDE_IN_FRAMEWORK_HEADER = YES;
				CLANG_WARN_RANGE_LOOP_ANALYSIS = YES;
				CLANG_WARN_STRICT_PROTOTYPES = YES;
				CLANG_WARN_SUSPICIOUS_MOVE = YES;
				CLANG_WARN_UNGUARDED_AVAILABILITY = YES_AGGRESSIVE;
				CLANG_WARN_UNREACHABLE_CODE = YES;
				CLANG_WARN__DUPLICATE_METHOD_MATCH = YES;
				COPY_PHASE_STRIP = NO;
				DEBUG_INFORMATION_FORMAT = dwarf;
				ENABLE_STRICT_OBJC_MSGSEND = YES;
				ENABLE_TESTABILITY = YES;
				GCC_C_LANGUAGE_STANDARD = gnu11;
				GCC_DYNAMIC_NO_PIC = NO;
				GCC_NO_COMMON_BLOCKS = YES;
				GCC_OPTIMIZATION_LEVEL = 0;
				GCC_PREPROCESSOR_DEFINITIONS = (
					"DEBUG=1",
					"$(inherited)",
				);
				GCC_WARN_64_TO_32_BIT_CONVERSION = YES;
				GCC_WARN_ABOUT_RETURN_TYPE = YES_ERROR;
				GCC_WARN_UNDECLARED_SELECTOR = YES;
				GCC_WARN_UNINITIALIZED_AUTOS = YES_AGGRESSIVE;
				GCC_WARN_UNUSED_FUNCTION = YES;
				GCC_WARN_UNUSED_VARIABLE = YES;
				MTL_ENABLE_DEBUG_INFO = INCLUDE_SOURCE;
				MTL_FAST_MATH = YES;
				ONLY_ACTIVE_ARCH = YES;
				SWIFT_ACTIVE_COMPILATION_CONDITIONS = DEBUG;
				SWIFT_OPTIMIZATION_LEVEL = "-Onone";
			};
			name = Debug;
		};
		15C876372A47852A00747BBA /* Release */ = {
			isa = XCBuildConfiguration;
			buildSettings = {
				ALWAYS_SEARCH_USER_PATHS = NO;
				CLANG_ANALYZER_NONNULL = YES;
				CLANG_ANALYZER_NUMBER_OBJECT_CONVERSION = YES_AGGRESSIVE;
				CLANG_CXX_LANGUAGE_STANDARD = "gnu++20";
				CLANG_ENABLE_MODULES = YES;
				CLANG_ENABLE_OBJC_ARC = YES;
				CLANG_ENABLE_OBJC_WEAK = YES;
				CLANG_WARN_BLOCK_CAPTURE_AUTORELEASING = YES;
				CLANG_WARN_BOOL_CONVERSION = YES;
				CLANG_WARN_COMMA = YES;
				CLANG_WARN_CONSTANT_CONVERSION = YES;
				CLANG_WARN_DEPRECATED_OBJC_IMPLEMENTATIONS = YES;
				CLANG_WARN_DIRECT_OBJC_ISA_USAGE = YES_ERROR;
				CLANG_WARN_DOCUMENTATION_COMMENTS = YES;
				CLANG_WARN_EMPTY_BODY = YES;
				CLANG_WARN_ENUM_CONVERSION = YES;
				CLANG_WARN_INFINITE_RECURSION = YES;
				CLANG_WARN_INT_CONVERSION = YES;
				CLANG_WARN_NON_LITERAL_NULL_CONVERSION = YES;
				CLANG_WARN_OBJC_IMPLICIT_RETAIN_SELF = YES;
				CLANG_WARN_OBJC_LITERAL_CONVERSION = YES;
				CLANG_WARN_OBJC_ROOT_CLASS = YES_ERROR;
				CLANG_WARN_QUOTED_INCLUDE_IN_FRAMEWORK_HEADER = YES;
				CLANG_WARN_RANGE_LOOP_ANALYSIS = YES;
				CLANG_WARN_STRICT_PROTOTYPES = YES;
				CLANG_WARN_SUSPICIOUS_MOVE = YES;
				CLANG_WARN_UNGUARDED_AVAILABILITY = YES_AGGRESSIVE;
				CLANG_WARN_UNREACHABLE_CODE = YES;
				CLANG_WARN__DUPLICATE_METHOD_MATCH = YES;
				COPY_PHASE_STRIP = NO;
				DEBUG_INFORMATION_FORMAT = "dwarf-with-dsym";
				ENABLE_NS_ASSERTIONS = NO;
				ENABLE_STRICT_OBJC_MSGSEND = YES;
				GCC_C_LANGUAGE_STANDARD = gnu11;
				GCC_NO_COMMON_BLOCKS = YES;
				GCC_WARN_64_TO_32_BIT_CONVERSION = YES;
				GCC_WARN_ABOUT_RETURN_TYPE = YES_ERROR;
				GCC_WARN_UNDECLARED_SELECTOR = YES;
				GCC_WARN_UNINITIALIZED_AUTOS = YES_AGGRESSIVE;
				GCC_WARN_UNUSED_FUNCTION = YES;
				GCC_WARN_UNUSED_VARIABLE = YES;
				MTL_ENABLE_DEBUG_INFO = NO;
				MTL_FAST_MATH = YES;
				SWIFT_COMPILATION_MODE = wholemodule;
				SWIFT_OPTIMIZATION_LEVEL = "-O";
			};
			name = Release;
		};
		15C876392A47852A00747BBA /* Debug */ = {
			isa = XCBuildConfiguration;
			buildSettings = {
				ASSETCATALOG_COMPILER_APPICON_NAME = AppIcon;
				ASSETCATALOG_COMPILER_GLOBAL_ACCENT_COLOR_NAME = AccentColor;
				CODE_SIGN_ENTITLEMENTS = TVMaze/TVMaze.entitlements;
				CODE_SIGN_STYLE = Automatic;
				CURRENT_PROJECT_VERSION = 1;
				DEVELOPMENT_ASSET_PATHS = "\"TVMaze/Preview Content\"";
				DEVELOPMENT_TEAM = RDTR6557FX;
				ENABLE_HARDENED_RUNTIME = YES;
				ENABLE_PREVIEWS = YES;
				GENERATE_INFOPLIST_FILE = YES;
				"INFOPLIST_KEY_UIApplicationSceneManifest_Generation[sdk=iphoneos*]" = YES;
				"INFOPLIST_KEY_UIApplicationSceneManifest_Generation[sdk=iphonesimulator*]" = YES;
				"INFOPLIST_KEY_UIApplicationSupportsIndirectInputEvents[sdk=iphoneos*]" = YES;
				"INFOPLIST_KEY_UIApplicationSupportsIndirectInputEvents[sdk=iphonesimulator*]" = YES;
				"INFOPLIST_KEY_UILaunchScreen_Generation[sdk=iphoneos*]" = YES;
				"INFOPLIST_KEY_UILaunchScreen_Generation[sdk=iphonesimulator*]" = YES;
				INFOPLIST_KEY_UIRequiresFullScreen = NO;
				INFOPLIST_KEY_UIStatusBarStyle = UIStatusBarStyleDarkContent;
				"INFOPLIST_KEY_UIStatusBarStyle[sdk=iphoneos*]" = UIStatusBarStyleDefault;
				"INFOPLIST_KEY_UIStatusBarStyle[sdk=iphonesimulator*]" = UIStatusBarStyleDefault;
				INFOPLIST_KEY_UISupportedInterfaceOrientations = UIInterfaceOrientationPortrait;
				IPHONEOS_DEPLOYMENT_TARGET = 16.4;
				LD_RUNPATH_SEARCH_PATHS = "@executable_path/Frameworks";
				"LD_RUNPATH_SEARCH_PATHS[sdk=macosx*]" = "@executable_path/../Frameworks";
				MACOSX_DEPLOYMENT_TARGET = 13.3;
				MARKETING_VERSION = 1.0;
				PRODUCT_BUNDLE_IDENTIFIER = com.brunolopes.TVMaze;
				PRODUCT_NAME = "$(TARGET_NAME)";
				SDKROOT = auto;
				SUPPORTED_PLATFORMS = "iphoneos iphonesimulator macosx";
				SWIFT_EMIT_LOC_STRINGS = YES;
				SWIFT_VERSION = 5.0;
				TARGETED_DEVICE_FAMILY = "1,2";
			};
			name = Debug;
		};
		15C8763A2A47852A00747BBA /* Release */ = {
			isa = XCBuildConfiguration;
			buildSettings = {
				ASSETCATALOG_COMPILER_APPICON_NAME = AppIcon;
				ASSETCATALOG_COMPILER_GLOBAL_ACCENT_COLOR_NAME = AccentColor;
				CODE_SIGN_ENTITLEMENTS = TVMaze/TVMaze.entitlements;
				CODE_SIGN_STYLE = Automatic;
				CURRENT_PROJECT_VERSION = 1;
				DEVELOPMENT_ASSET_PATHS = "\"TVMaze/Preview Content\"";
				DEVELOPMENT_TEAM = RDTR6557FX;
				ENABLE_HARDENED_RUNTIME = YES;
				ENABLE_PREVIEWS = YES;
				GENERATE_INFOPLIST_FILE = YES;
				"INFOPLIST_KEY_UIApplicationSceneManifest_Generation[sdk=iphoneos*]" = YES;
				"INFOPLIST_KEY_UIApplicationSceneManifest_Generation[sdk=iphonesimulator*]" = YES;
				"INFOPLIST_KEY_UIApplicationSupportsIndirectInputEvents[sdk=iphoneos*]" = YES;
				"INFOPLIST_KEY_UIApplicationSupportsIndirectInputEvents[sdk=iphonesimulator*]" = YES;
				"INFOPLIST_KEY_UILaunchScreen_Generation[sdk=iphoneos*]" = YES;
				"INFOPLIST_KEY_UILaunchScreen_Generation[sdk=iphonesimulator*]" = YES;
				INFOPLIST_KEY_UIRequiresFullScreen = NO;
				INFOPLIST_KEY_UIStatusBarStyle = UIStatusBarStyleDarkContent;
				"INFOPLIST_KEY_UIStatusBarStyle[sdk=iphoneos*]" = UIStatusBarStyleDefault;
				"INFOPLIST_KEY_UIStatusBarStyle[sdk=iphonesimulator*]" = UIStatusBarStyleDefault;
				INFOPLIST_KEY_UISupportedInterfaceOrientations = UIInterfaceOrientationPortrait;
				IPHONEOS_DEPLOYMENT_TARGET = 16.4;
				LD_RUNPATH_SEARCH_PATHS = "@executable_path/Frameworks";
				"LD_RUNPATH_SEARCH_PATHS[sdk=macosx*]" = "@executable_path/../Frameworks";
				MACOSX_DEPLOYMENT_TARGET = 13.3;
				MARKETING_VERSION = 1.0;
				PRODUCT_BUNDLE_IDENTIFIER = com.brunolopes.TVMaze;
				PRODUCT_NAME = "$(TARGET_NAME)";
				SDKROOT = auto;
				SUPPORTED_PLATFORMS = "iphoneos iphonesimulator macosx";
				SWIFT_EMIT_LOC_STRINGS = YES;
				SWIFT_VERSION = 5.0;
				TARGETED_DEVICE_FAMILY = "1,2";
			};
			name = Release;
		};
		15C876722A47958300747BBA /* Debug */ = {
			isa = XCBuildConfiguration;
			buildSettings = {
				BUNDLE_LOADER = "$(TEST_HOST)";
				CODE_SIGN_STYLE = Automatic;
				CURRENT_PROJECT_VERSION = 1;
				DEVELOPMENT_TEAM = RDTR6557FX;
				GENERATE_INFOPLIST_FILE = YES;
				IPHONEOS_DEPLOYMENT_TARGET = 16.4;
				MARKETING_VERSION = 1.0;
				PRODUCT_BUNDLE_IDENTIFIER = com.brunolopes.TVMazeTests;
				PRODUCT_NAME = "$(TARGET_NAME)";
				SDKROOT = iphoneos;
				SWIFT_EMIT_LOC_STRINGS = NO;
				SWIFT_VERSION = 5.0;
				TARGETED_DEVICE_FAMILY = "1,2";
				TEST_HOST = "$(BUILT_PRODUCTS_DIR)/TVMaze.app/$(BUNDLE_EXECUTABLE_FOLDER_PATH)/TVMaze";
			};
			name = Debug;
		};
		15C876732A47958300747BBA /* Release */ = {
			isa = XCBuildConfiguration;
			buildSettings = {
				BUNDLE_LOADER = "$(TEST_HOST)";
				CODE_SIGN_STYLE = Automatic;
				CURRENT_PROJECT_VERSION = 1;
				DEVELOPMENT_TEAM = RDTR6557FX;
				GENERATE_INFOPLIST_FILE = YES;
				IPHONEOS_DEPLOYMENT_TARGET = 16.4;
				MARKETING_VERSION = 1.0;
				PRODUCT_BUNDLE_IDENTIFIER = com.brunolopes.TVMazeTests;
				PRODUCT_NAME = "$(TARGET_NAME)";
				SDKROOT = iphoneos;
				SWIFT_EMIT_LOC_STRINGS = NO;
				SWIFT_VERSION = 5.0;
				TARGETED_DEVICE_FAMILY = "1,2";
				TEST_HOST = "$(BUILT_PRODUCTS_DIR)/TVMaze.app/$(BUNDLE_EXECUTABLE_FOLDER_PATH)/TVMaze";
				VALIDATE_PRODUCT = YES;
			};
			name = Release;
		};
/* End XCBuildConfiguration section */

/* Begin XCConfigurationList section */
		15C876242A47852900747BBA /* Build configuration list for PBXProject "TVMaze" */ = {
			isa = XCConfigurationList;
			buildConfigurations = (
				15C876362A47852A00747BBA /* Debug */,
				15C876372A47852A00747BBA /* Release */,
			);
			defaultConfigurationIsVisible = 0;
			defaultConfigurationName = Release;
		};
		15C876382A47852A00747BBA /* Build configuration list for PBXNativeTarget "TVMaze" */ = {
			isa = XCConfigurationList;
			buildConfigurations = (
				15C876392A47852A00747BBA /* Debug */,
				15C8763A2A47852A00747BBA /* Release */,
			);
			defaultConfigurationIsVisible = 0;
			defaultConfigurationName = Release;
		};
		15C876712A47958300747BBA /* Build configuration list for PBXNativeTarget "TVMazeTests" */ = {
			isa = XCConfigurationList;
			buildConfigurations = (
				15C876722A47958300747BBA /* Debug */,
				15C876732A47958300747BBA /* Release */,
			);
			defaultConfigurationIsVisible = 0;
			defaultConfigurationName = Release;
		};
/* End XCConfigurationList section */

/* Begin XCRemoteSwiftPackageReference section */
		15C8763B2A47869500747BBA /* XCRemoteSwiftPackageReference "swift-composable-architecture" */ = {
			isa = XCRemoteSwiftPackageReference;
			repositoryURL = "https://github.com/pointfreeco/swift-composable-architecture.git";
			requirement = {
				kind = upToNextMajorVersion;
				minimumVersion = 0.54.1;
			};
		};
		15C876542A47896A00747BBA /* XCRemoteSwiftPackageReference "Kingfisher" */ = {
			isa = XCRemoteSwiftPackageReference;
			repositoryURL = "https://github.com/onevcat/Kingfisher.git";
			requirement = {
				kind = upToNextMajorVersion;
				minimumVersion = 7.0.0;
			};
		};
		15C876742A4795C500747BBA /* XCRemoteSwiftPackageReference "swift-snapshot-testing" */ = {
			isa = XCRemoteSwiftPackageReference;
			repositoryURL = "https://github.com/pointfreeco/swift-snapshot-testing.git";
			requirement = {
				kind = upToNextMajorVersion;
				minimumVersion = 1.0.0;
			};
		};
/* End XCRemoteSwiftPackageReference section */

/* Begin XCSwiftPackageProductDependency section */
		15C8763C2A47869500747BBA /* ComposableArchitecture */ = {
			isa = XCSwiftPackageProductDependency;
			package = 15C8763B2A47869500747BBA /* XCRemoteSwiftPackageReference "swift-composable-architecture" */;
			productName = ComposableArchitecture;
		};
		15C876552A47896A00747BBA /* Kingfisher */ = {
			isa = XCSwiftPackageProductDependency;
			package = 15C876542A47896A00747BBA /* XCRemoteSwiftPackageReference "Kingfisher" */;
			productName = Kingfisher;
		};
		15C876752A4795C500747BBA /* SnapshotTesting */ = {
			isa = XCSwiftPackageProductDependency;
			package = 15C876742A4795C500747BBA /* XCRemoteSwiftPackageReference "swift-snapshot-testing" */;
			productName = SnapshotTesting;
		};
/* End XCSwiftPackageProductDependency section */
	};
	rootObject = 15C876212A47852900747BBA /* Project object */;
}
